
Microsoft Visual Studio Solution File, Format Version 12.00
# Visual Studio 2012
# SharpDevelop 5.1
VisualStudioVersion = 12.0.20827.3
MinimumVisualStudioVersion = 10.0.40219.1
Project("{FAE04EC0-301F-11D3-BF4B-00C04F79EFBC}") = "startDOD", "startDOD\startDOD.csproj", "{14886D68-7B96-4923-A78F-07718C6B08EE}"
EndProject
Global
	GlobalSection(SolutionConfigurationPlatforms) = preSolution
		Debug|Any CPU = Debug|Any CPU
		Release|Any CPU = Release|Any CPU
	EndGlobalSection
	GlobalSection(ProjectConfigurationPlatforms) = postSolution
		{14886D68-7B96-4923-A78F-07718C6B08EE}.Debug|Any CPU.ActiveCfg = Debug|Any CPU
		{14886D68-7B96-4923-A78F-07718C6B08EE}.Debug|Any CPU.Build.0 = Debug|Any CPU
		{14886D68-7B96-4923-A78F-07718C6B08EE}.Release|Any CPU.ActiveCfg = Release|Any CPU
		{14886D68-7B96-4923-A78F-07718C6B08EE}.Release|Any CPU.Build.0 = Release|Any CPU
	EndGlobalSection
EndGlobal
