
Microsoft Visual Studio Solution File, Format Version 12.00
# Visual Studio 15
VisualStudioVersion = 15.0.28307.271
MinimumVisualStudioVersion = 10.0.40219.1
Project("{FAE04EC0-301F-11D3-BF4B-00C04F79EFBC}") = "InstallDOD", "InstallDOD.csproj", "{FA4E4D7D-FC04-4CBE-8FDD-79B7C07CC179}"
EndProject
Global
	GlobalSection(SolutionConfigurationPlatforms) = preSolution
		Debug|Any CPU = Debug|Any CPU
		Release|Any CPU = Release|Any CPU
	EndGlobalSection
	GlobalSection(ProjectConfigurationPlatforms) = postSolution
		{FA4E4D7D-FC04-4CBE-8FDD-79B7C07CC179}.Debug|Any CPU.ActiveCfg = Debug|Any CPU
		{FA4E4D7D-FC04-4CBE-8FDD-79B7C07CC179}.Debug|Any CPU.Build.0 = Debug|Any CPU
		{FA4E4D7D-FC04-4CBE-8FDD-79B7C07CC179}.Release|Any CPU.ActiveCfg = Release|Any CPU
		{FA4E4D7D-FC04-4CBE-8FDD-79B7C07CC179}.Release|Any CPU.Build.0 = Release|Any CPU
	EndGlobalSection
	GlobalSection(SolutionProperties) = preSolution
		HideSolutionNode = FALSE
	EndGlobalSection
	GlobalSection(ExtensibilityGlobals) = postSolution
		SolutionGuid = {CC1A601D-2846-4A9B-A342-BD5151B59AFA}
	EndGlobalSection
EndGlobal
